
Microsoft Visual Studio Solution File, Format Version 12.00
# Visual Studio 15
VisualStudioVersion = 15.0.26228.4
MinimumVisualStudioVersion = 10.0.40219.1
Project("{FAE04EC0-301F-11D3-BF4B-00C04F79EFBC}") = "Tracker", "Tracker\Tracker.csproj", "{FB975F81-28D5-4C6C-B6FF-1BDE88505523}"
EndProject
Project("{FAE04EC0-301F-11D3-BF4B-00C04F79EFBC}") = "Encryption", "Encryption\Encryption.csproj", "{9B9F6C37-15F8-41F0-9345-14FE84279E69}"
EndProject
Project("{FAE04EC0-301F-11D3-BF4B-00C04F79EFBC}") = "TestProject", "TestProject\TestProject.csproj", "{235E1421-F6BD-40C8-8988-DE023FC36CF7}"
EndProject
Project("{FAE04EC0-301F-11D3-BF4B-00C04F79EFBC}") = "SampleMVCApplication", "SampleMVCApplication\SampleMVCApplication.csproj", "{37484650-3EAA-4E7F-BB6D-0077ADCB22CB}"
EndProject
Global
	GlobalSection(SolutionConfigurationPlatforms) = preSolution
		Debug|Any CPU = Debug|Any CPU
		Debug|x64 = Debug|x64
		Debug|x86 = Debug|x86
		Release|Any CPU = Release|Any CPU
		Release|x64 = Release|x64
		Release|x86 = Release|x86
	EndGlobalSection
	GlobalSection(ProjectConfigurationPlatforms) = postSolution
		{FB975F81-28D5-4C6C-B6FF-1BDE88505523}.Debug|Any CPU.ActiveCfg = Debug|Any CPU
		{FB975F81-28D5-4C6C-B6FF-1BDE88505523}.Debug|Any CPU.Build.0 = Debug|Any CPU
		{FB975F81-28D5-4C6C-B6FF-1BDE88505523}.Debug|x64.ActiveCfg = Debug|Any CPU
		{FB975F81-28D5-4C6C-B6FF-1BDE88505523}.Debug|x64.Build.0 = Debug|Any CPU
		{FB975F81-28D5-4C6C-B6FF-1BDE88505523}.Debug|x86.ActiveCfg = Debug|Any CPU
		{FB975F81-28D5-4C6C-B6FF-1BDE88505523}.Debug|x86.Build.0 = Debug|Any CPU
		{FB975F81-28D5-4C6C-B6FF-1BDE88505523}.Release|Any CPU.ActiveCfg = Release|Any CPU
		{FB975F81-28D5-4C6C-B6FF-1BDE88505523}.Release|Any CPU.Build.0 = Release|Any CPU
		{FB975F81-28D5-4C6C-B6FF-1BDE88505523}.Release|x64.ActiveCfg = Release|Any CPU
		{FB975F81-28D5-4C6C-B6FF-1BDE88505523}.Release|x64.Build.0 = Release|Any CPU
		{FB975F81-28D5-4C6C-B6FF-1BDE88505523}.Release|x86.ActiveCfg = Release|Any CPU
		{FB975F81-28D5-4C6C-B6FF-1BDE88505523}.Release|x86.Build.0 = Release|Any CPU
		{9B9F6C37-15F8-41F0-9345-14FE84279E69}.Debug|Any CPU.ActiveCfg = Debug|Any CPU
		{9B9F6C37-15F8-41F0-9345-14FE84279E69}.Debug|Any CPU.Build.0 = Debug|Any CPU
		{9B9F6C37-15F8-41F0-9345-14FE84279E69}.Debug|x64.ActiveCfg = Debug|Any CPU
		{9B9F6C37-15F8-41F0-9345-14FE84279E69}.Debug|x64.Build.0 = Debug|Any CPU
		{9B9F6C37-15F8-41F0-9345-14FE84279E69}.Debug|x86.ActiveCfg = Debug|Any CPU
		{9B9F6C37-15F8-41F0-9345-14FE84279E69}.Debug|x86.Build.0 = Debug|Any CPU
		{9B9F6C37-15F8-41F0-9345-14FE84279E69}.Release|Any CPU.ActiveCfg = Release|Any CPU
		{9B9F6C37-15F8-41F0-9345-14FE84279E69}.Release|Any CPU.Build.0 = Release|Any CPU
		{9B9F6C37-15F8-41F0-9345-14FE84279E69}.Release|x64.ActiveCfg = Release|Any CPU
		{9B9F6C37-15F8-41F0-9345-14FE84279E69}.Release|x64.Build.0 = Release|Any CPU
		{9B9F6C37-15F8-41F0-9345-14FE84279E69}.Release|x86.ActiveCfg = Release|Any CPU
		{9B9F6C37-15F8-41F0-9345-14FE84279E69}.Release|x86.Build.0 = Release|Any CPU
		{235E1421-F6BD-40C8-8988-DE023FC36CF7}.Debug|Any CPU.ActiveCfg = Debug|Any CPU
		{235E1421-F6BD-40C8-8988-DE023FC36CF7}.Debug|Any CPU.Build.0 = Debug|Any CPU
		{235E1421-F6BD-40C8-8988-DE023FC36CF7}.Debug|x64.ActiveCfg = Debug|Any CPU
		{235E1421-F6BD-40C8-8988-DE023FC36CF7}.Debug|x64.Build.0 = Debug|Any CPU
		{235E1421-F6BD-40C8-8988-DE023FC36CF7}.Debug|x86.ActiveCfg = Debug|Any CPU
		{235E1421-F6BD-40C8-8988-DE023FC36CF7}.Debug|x86.Build.0 = Debug|Any CPU
		{235E1421-F6BD-40C8-8988-DE023FC36CF7}.Release|Any CPU.ActiveCfg = Release|Any CPU
		{235E1421-F6BD-40C8-8988-DE023FC36CF7}.Release|Any CPU.Build.0 = Release|Any CPU
		{235E1421-F6BD-40C8-8988-DE023FC36CF7}.Release|x64.ActiveCfg = Release|Any CPU
		{235E1421-F6BD-40C8-8988-DE023FC36CF7}.Release|x64.Build.0 = Release|Any CPU
		{235E1421-F6BD-40C8-8988-DE023FC36CF7}.Release|x86.ActiveCfg = Release|Any CPU
		{235E1421-F6BD-40C8-8988-DE023FC36CF7}.Release|x86.Build.0 = Release|Any CPU
		{37484650-3EAA-4E7F-BB6D-0077ADCB22CB}.Debug|Any CPU.ActiveCfg = Debug|Any CPU
		{37484650-3EAA-4E7F-BB6D-0077ADCB22CB}.Debug|Any CPU.Build.0 = Debug|Any CPU
		{37484650-3EAA-4E7F-BB6D-0077ADCB22CB}.Debug|x64.ActiveCfg = Debug|Any CPU
		{37484650-3EAA-4E7F-BB6D-0077ADCB22CB}.Debug|x64.Build.0 = Debug|Any CPU
		{37484650-3EAA-4E7F-BB6D-0077ADCB22CB}.Debug|x86.ActiveCfg = Debug|Any CPU
		{37484650-3EAA-4E7F-BB6D-0077ADCB22CB}.Debug|x86.Build.0 = Debug|Any CPU
		{37484650-3EAA-4E7F-BB6D-0077ADCB22CB}.Release|Any CPU.ActiveCfg = Release|Any CPU
		{37484650-3EAA-4E7F-BB6D-0077ADCB22CB}.Release|Any CPU.Build.0 = Release|Any CPU
		{37484650-3EAA-4E7F-BB6D-0077ADCB22CB}.Release|x64.ActiveCfg = Release|Any CPU
		{37484650-3EAA-4E7F-BB6D-0077ADCB22CB}.Release|x64.Build.0 = Release|Any CPU
		{37484650-3EAA-4E7F-BB6D-0077ADCB22CB}.Release|x86.ActiveCfg = Release|Any CPU
		{37484650-3EAA-4E7F-BB6D-0077ADCB22CB}.Release|x86.Build.0 = Release|Any CPU
	EndGlobalSection
	GlobalSection(SolutionProperties) = preSolution
		HideSolutionNode = FALSE
	EndGlobalSection
EndGlobal
